
Microsoft Visual Studio Solution File, Format Version 12.00
# Visual Studio 15
Project("{FAE04EC0-301F-11D3-BF4B-00C04F79EFBC}") = "VRC.ClientSim", "VRC.ClientSim.csproj", "{32B3391F-E165-24AA-E348-8A529201F884}"
EndProject
Project("{FAE04EC0-301F-11D3-BF4B-00C04F79EFBC}") = "VRC.Udon.Serialization.OdinSerializer", "VRC.Udon.Serialization.OdinSerializer.csproj", "{66DCD7D2-ECCA-8F9A-097E-7DD6E6306849}"
EndProject
Project("{FAE04EC0-301F-11D3-BF4B-00C04F79EFBC}") = "UdonSharp.Editor", "UdonSharp.Editor.csproj", "{4FB5B73A-BB1F-C676-D01A-286523B62A15}"
EndProject
Project("{FAE04EC0-301F-11D3-BF4B-00C04F79EFBC}") = "VRC.Udon.Editor", "VRC.Udon.Editor.csproj", "{288F471C-6AB3-D978-BDD0-C62FB702A3F8}"
EndProject
Project("{FAE04EC0-301F-11D3-BF4B-00C04F79EFBC}") = "VRC.SDKBase.Editor", "VRC.SDKBase.Editor.csproj", "{4CEE12BF-B33A-E03D-D062-A3995C7701F6}"
EndProject
Project("{FAE04EC0-301F-11D3-BF4B-00C04F79EFBC}") = "VRC.Udon", "VRC.Udon.csproj", "{1C04E3DF-6DA3-38C0-7750-810345AEF4A7}"
EndProject
Project("{FAE04EC0-301F-11D3-BF4B-00C04F79EFBC}") = "UniTask", "UniTask.csproj", "{52171159-BC4D-972E-8651-8F2E8A66C1C0}"
EndProject
Project("{FAE04EC0-301F-11D3-BF4B-00C04F79EFBC}") = "UniTask.Linq", "UniTask.Linq.csproj", "{0DCD91F4-36A7-80ED-BECD-05227CC3D47C}"
EndProject
Project("{FAE04EC0-301F-11D3-BF4B-00C04F79EFBC}") = "VRC.SDKBase", "VRC.SDKBase.csproj", "{DFB61D32-714C-C196-1970-9ABFFA7151DB}"
EndProject
Project("{FAE04EC0-301F-11D3-BF4B-00C04F79EFBC}") = "VRC.ClientSim.Editor", "VRC.ClientSim.Editor.csproj", "{D73B33BA-9B01-E3AF-32F8-3D5BA1F3A510}"
EndProject
Project("{FAE04EC0-301F-11D3-BF4B-00C04F79EFBC}") = "VRC.SDK3", "VRC.SDK3.csproj", "{DDE5EF33-26F1-2E96-F03A-04B7C819A113}"
EndProject
Project("{FAE04EC0-301F-11D3-BF4B-00C04F79EFBC}") = "VRC.SDK3.Editor", "VRC.SDK3.Editor.csproj", "{055089D7-8F4C-3F58-0E52-EF8820D9ACFD}"
EndProject
Project("{FAE04EC0-301F-11D3-BF4B-00C04F79EFBC}") = "UniTask.DOTween", "UniTask.DOTween.csproj", "{5447E06B-EE0C-D68B-6FE1-EA4990F37DD7}"
EndProject
Project("{FAE04EC0-301F-11D3-BF4B-00C04F79EFBC}") = "UnityEditorTests", "UnityEditorTests.csproj", "{C0F55A08-35DF-86A9-1271-F6BA7A269C77}"
EndProject
Project("{FAE04EC0-301F-11D3-BF4B-00C04F79EFBC}") = "VRC.ExampleCentral.Editor", "VRC.ExampleCentral.Editor.csproj", "{12C76AC6-7209-B6CE-4DFD-DD3674DD2F9E}"
EndProject
Project("{FAE04EC0-301F-11D3-BF4B-00C04F79EFBC}") = "Assembly-CSharp", "Assembly-CSharp.csproj", "{133DE563-8C35-E5B6-3D15-A5E2CA45B5F0}"
EndProject
Project("{FAE04EC0-301F-11D3-BF4B-00C04F79EFBC}") = "com.vrchat.core.vpm-resolver.Editor", "com.vrchat.core.vpm-resolver.Editor.csproj", "{13F18063-51C4-B068-32FF-D35BF5F580C8}"
EndProject
Project("{FAE04EC0-301F-11D3-BF4B-00C04F79EFBC}") = "VRC.SDKBase.Editor.ShaderStripping", "VRC.SDKBase.Editor.ShaderStripping.csproj", "{FC1AD118-F907-D372-8984-251C4EBDFCC0}"
EndProject
Project("{FAE04EC0-301F-11D3-BF4B-00C04F79EFBC}") = "UdonSharp.Runtime", "UdonSharp.Runtime.csproj", "{B9773F56-C7C0-C531-0D80-4AAC80191C3E}"
EndProject
Project("{FAE04EC0-301F-11D3-BF4B-00C04F79EFBC}") = "UniTask.Editor", "UniTask.Editor.csproj", "{5B3EC866-ACBC-2B43-6EEE-6FB7312AC63C}"
EndProject
Project("{FAE04EC0-301F-11D3-BF4B-00C04F79EFBC}") = "UdonSharp.Lib", "UdonSharp.Lib.csproj", "{0699E3A5-5B09-6768-AA12-AA22ACDAA73D}"
EndProject
Project("{FAE04EC0-301F-11D3-BF4B-00C04F79EFBC}") = "VRC.SDKBase.Editor.BuildPipeline", "VRC.SDKBase.Editor.BuildPipeline.csproj", "{ECE29090-8DF4-FD57-3911-A24DC5F7A3B7}"
EndProject
Project("{FAE04EC0-301F-11D3-BF4B-00C04F79EFBC}") = "UniTask.Addressables", "UniTask.Addressables.csproj", "{4A66CC6F-FA35-EAFD-388A-AB26C0365B18}"
EndProject
Project("{FAE04EC0-301F-11D3-BF4B-00C04F79EFBC}") = "UniTask.TextMeshPro", "UniTask.TextMeshPro.csproj", "{8559F1D5-F692-DF05-1279-79FC50614F6A}"
EndProject
Global
	GlobalSection(SolutionConfigurationPlatforms) = preSolution
		Debug|Any CPU = Debug|Any CPU
		Release|Any CPU = Release|Any CPU
	EndGlobalSection
	GlobalSection(ProjectConfigurationPlatforms) = postSolution
		{32B3391F-E165-24AA-E348-8A529201F884}.Debug|Any CPU.ActiveCfg = Debug|Any CPU
		{32B3391F-E165-24AA-E348-8A529201F884}.Debug|Any CPU.Build.0 = Debug|Any CPU
		{32B3391F-E165-24AA-E348-8A529201F884}.Release|Any CPU.ActiveCfg = Release|Any CPU
		{32B3391F-E165-24AA-E348-8A529201F884}.Release|Any CPU.Build.0 = Release|Any CPU
		{66DCD7D2-ECCA-8F9A-097E-7DD6E6306849}.Debug|Any CPU.ActiveCfg = Debug|Any CPU
		{66DCD7D2-ECCA-8F9A-097E-7DD6E6306849}.Debug|Any CPU.Build.0 = Debug|Any CPU
		{66DCD7D2-ECCA-8F9A-097E-7DD6E6306849}.Release|Any CPU.ActiveCfg = Release|Any CPU
		{66DCD7D2-ECCA-8F9A-097E-7DD6E6306849}.Release|Any CPU.Build.0 = Release|Any CPU
		{4FB5B73A-BB1F-C676-D01A-286523B62A15}.Debug|Any CPU.ActiveCfg = Debug|Any CPU
		{4FB5B73A-BB1F-C676-D01A-286523B62A15}.Debug|Any CPU.Build.0 = Debug|Any CPU
		{4FB5B73A-BB1F-C676-D01A-286523B62A15}.Release|Any CPU.ActiveCfg = Release|Any CPU
		{4FB5B73A-BB1F-C676-D01A-286523B62A15}.Release|Any CPU.Build.0 = Release|Any CPU
		{288F471C-6AB3-D978-BDD0-C62FB702A3F8}.Debug|Any CPU.ActiveCfg = Debug|Any CPU
		{288F471C-6AB3-D978-BDD0-C62FB702A3F8}.Debug|Any CPU.Build.0 = Debug|Any CPU
		{288F471C-6AB3-D978-BDD0-C62FB702A3F8}.Release|Any CPU.ActiveCfg = Release|Any CPU
		{288F471C-6AB3-D978-BDD0-C62FB702A3F8}.Release|Any CPU.Build.0 = Release|Any CPU
		{4CEE12BF-B33A-E03D-D062-A3995C7701F6}.Debug|Any CPU.ActiveCfg = Debug|Any CPU
		{4CEE12BF-B33A-E03D-D062-A3995C7701F6}.Debug|Any CPU.Build.0 = Debug|Any CPU
		{4CEE12BF-B33A-E03D-D062-A3995C7701F6}.Release|Any CPU.ActiveCfg = Release|Any CPU
		{4CEE12BF-B33A-E03D-D062-A3995C7701F6}.Release|Any CPU.Build.0 = Release|Any CPU
		{1C04E3DF-6DA3-38C0-7750-810345AEF4A7}.Debug|Any CPU.ActiveCfg = Debug|Any CPU
		{1C04E3DF-6DA3-38C0-7750-810345AEF4A7}.Debug|Any CPU.Build.0 = Debug|Any CPU
		{1C04E3DF-6DA3-38C0-7750-810345AEF4A7}.Release|Any CPU.ActiveCfg = Release|Any CPU
		{1C04E3DF-6DA3-38C0-7750-810345AEF4A7}.Release|Any CPU.Build.0 = Release|Any CPU
		{52171159-BC4D-972E-8651-8F2E8A66C1C0}.Debug|Any CPU.ActiveCfg = Debug|Any CPU
		{52171159-BC4D-972E-8651-8F2E8A66C1C0}.Debug|Any CPU.Build.0 = Debug|Any CPU
		{52171159-BC4D-972E-8651-8F2E8A66C1C0}.Release|Any CPU.ActiveCfg = Release|Any CPU
		{52171159-BC4D-972E-8651-8F2E8A66C1C0}.Release|Any CPU.Build.0 = Release|Any CPU
		{0DCD91F4-36A7-80ED-BECD-05227CC3D47C}.Debug|Any CPU.ActiveCfg = Debug|Any CPU
		{0DCD91F4-36A7-80ED-BECD-05227CC3D47C}.Debug|Any CPU.Build.0 = Debug|Any CPU
		{0DCD91F4-36A7-80ED-BECD-05227CC3D47C}.Release|Any CPU.ActiveCfg = Release|Any CPU
		{0DCD91F4-36A7-80ED-BECD-05227CC3D47C}.Release|Any CPU.Build.0 = Release|Any CPU
		{DFB61D32-714C-C196-1970-9ABFFA7151DB}.Debug|Any CPU.ActiveCfg = Debug|Any CPU
		{DFB61D32-714C-C196-1970-9ABFFA7151DB}.Debug|Any CPU.Build.0 = Debug|Any CPU
		{DFB61D32-714C-C196-1970-9ABFFA7151DB}.Release|Any CPU.ActiveCfg = Release|Any CPU
		{DFB61D32-714C-C196-1970-9ABFFA7151DB}.Release|Any CPU.Build.0 = Release|Any CPU
		{D73B33BA-9B01-E3AF-32F8-3D5BA1F3A510}.Debug|Any CPU.ActiveCfg = Debug|Any CPU
		{D73B33BA-9B01-E3AF-32F8-3D5BA1F3A510}.Debug|Any CPU.Build.0 = Debug|Any CPU
		{D73B33BA-9B01-E3AF-32F8-3D5BA1F3A510}.Release|Any CPU.ActiveCfg = Release|Any CPU
		{D73B33BA-9B01-E3AF-32F8-3D5BA1F3A510}.Release|Any CPU.Build.0 = Release|Any CPU
		{DDE5EF33-26F1-2E96-F03A-04B7C819A113}.Debug|Any CPU.ActiveCfg = Debug|Any CPU
		{DDE5EF33-26F1-2E96-F03A-04B7C819A113}.Debug|Any CPU.Build.0 = Debug|Any CPU
		{DDE5EF33-26F1-2E96-F03A-04B7C819A113}.Release|Any CPU.ActiveCfg = Release|Any CPU
		{DDE5EF33-26F1-2E96-F03A-04B7C819A113}.Release|Any CPU.Build.0 = Release|Any CPU
		{055089D7-8F4C-3F58-0E52-EF8820D9ACFD}.Debug|Any CPU.ActiveCfg = Debug|Any CPU
		{055089D7-8F4C-3F58-0E52-EF8820D9ACFD}.Debug|Any CPU.Build.0 = Debug|Any CPU
		{055089D7-8F4C-3F58-0E52-EF8820D9ACFD}.Release|Any CPU.ActiveCfg = Release|Any CPU
		{055089D7-8F4C-3F58-0E52-EF8820D9ACFD}.Release|Any CPU.Build.0 = Release|Any CPU
		{5447E06B-EE0C-D68B-6FE1-EA4990F37DD7}.Debug|Any CPU.ActiveCfg = Debug|Any CPU
		{5447E06B-EE0C-D68B-6FE1-EA4990F37DD7}.Debug|Any CPU.Build.0 = Debug|Any CPU
		{5447E06B-EE0C-D68B-6FE1-EA4990F37DD7}.Release|Any CPU.ActiveCfg = Release|Any CPU
		{5447E06B-EE0C-D68B-6FE1-EA4990F37DD7}.Release|Any CPU.Build.0 = Release|Any CPU
		{C0F55A08-35DF-86A9-1271-F6BA7A269C77}.Debug|Any CPU.ActiveCfg = Debug|Any CPU
		{C0F55A08-35DF-86A9-1271-F6BA7A269C77}.Debug|Any CPU.Build.0 = Debug|Any CPU
		{C0F55A08-35DF-86A9-1271-F6BA7A269C77}.Release|Any CPU.ActiveCfg = Release|Any CPU
		{C0F55A08-35DF-86A9-1271-F6BA7A269C77}.Release|Any CPU.Build.0 = Release|Any CPU
		{12C76AC6-7209-B6CE-4DFD-DD3674DD2F9E}.Debug|Any CPU.ActiveCfg = Debug|Any CPU
		{12C76AC6-7209-B6CE-4DFD-DD3674DD2F9E}.Debug|Any CPU.Build.0 = Debug|Any CPU
		{12C76AC6-7209-B6CE-4DFD-DD3674DD2F9E}.Release|Any CPU.ActiveCfg = Release|Any CPU
		{12C76AC6-7209-B6CE-4DFD-DD3674DD2F9E}.Release|Any CPU.Build.0 = Release|Any CPU
		{133DE563-8C35-E5B6-3D15-A5E2CA45B5F0}.Debug|Any CPU.ActiveCfg = Debug|Any CPU
		{133DE563-8C35-E5B6-3D15-A5E2CA45B5F0}.Debug|Any CPU.Build.0 = Debug|Any CPU
		{133DE563-8C35-E5B6-3D15-A5E2CA45B5F0}.Release|Any CPU.ActiveCfg = Release|Any CPU
		{133DE563-8C35-E5B6-3D15-A5E2CA45B5F0}.Release|Any CPU.Build.0 = Release|Any CPU
		{13F18063-51C4-B068-32FF-D35BF5F580C8}.Debug|Any CPU.ActiveCfg = Debug|Any CPU
		{13F18063-51C4-B068-32FF-D35BF5F580C8}.Debug|Any CPU.Build.0 = Debug|Any CPU
		{13F18063-51C4-B068-32FF-D35BF5F580C8}.Release|Any CPU.ActiveCfg = Release|Any CPU
		{13F18063-51C4-B068-32FF-D35BF5F580C8}.Release|Any CPU.Build.0 = Release|Any CPU
		{FC1AD118-F907-D372-8984-251C4EBDFCC0}.Debug|Any CPU.ActiveCfg = Debug|Any CPU
		{FC1AD118-F907-D372-8984-251C4EBDFCC0}.Debug|Any CPU.Build.0 = Debug|Any CPU
		{FC1AD118-F907-D372-8984-251C4EBDFCC0}.Release|Any CPU.ActiveCfg = Release|Any CPU
		{FC1AD118-F907-D372-8984-251C4EBDFCC0}.Release|Any CPU.Build.0 = Release|Any CPU
		{B9773F56-C7C0-C531-0D80-4AAC80191C3E}.Debug|Any CPU.ActiveCfg = Debug|Any CPU
		{B9773F56-C7C0-C531-0D80-4AAC80191C3E}.Debug|Any CPU.Build.0 = Debug|Any CPU
		{B9773F56-C7C0-C531-0D80-4AAC80191C3E}.Release|Any CPU.ActiveCfg = Release|Any CPU
		{B9773F56-C7C0-C531-0D80-4AAC80191C3E}.Release|Any CPU.Build.0 = Release|Any CPU
		{5B3EC866-ACBC-2B43-6EEE-6FB7312AC63C}.Debug|Any CPU.ActiveCfg = Debug|Any CPU
		{5B3EC866-ACBC-2B43-6EEE-6FB7312AC63C}.Debug|Any CPU.Build.0 = Debug|Any CPU
		{5B3EC866-ACBC-2B43-6EEE-6FB7312AC63C}.Release|Any CPU.ActiveCfg = Release|Any CPU
		{5B3EC866-ACBC-2B43-6EEE-6FB7312AC63C}.Release|Any CPU.Build.0 = Release|Any CPU
		{0699E3A5-5B09-6768-AA12-AA22ACDAA73D}.Debug|Any CPU.ActiveCfg = Debug|Any CPU
		{0699E3A5-5B09-6768-AA12-AA22ACDAA73D}.Debug|Any CPU.Build.0 = Debug|Any CPU
		{0699E3A5-5B09-6768-AA12-AA22ACDAA73D}.Release|Any CPU.ActiveCfg = Release|Any CPU
		{0699E3A5-5B09-6768-AA12-AA22ACDAA73D}.Release|Any CPU.Build.0 = Release|Any CPU
		{ECE29090-8DF4-FD57-3911-A24DC5F7A3B7}.Debug|Any CPU.ActiveCfg = Debug|Any CPU
		{ECE29090-8DF4-FD57-3911-A24DC5F7A3B7}.Debug|Any CPU.Build.0 = Debug|Any CPU
		{ECE29090-8DF4-FD57-3911-A24DC5F7A3B7}.Release|Any CPU.ActiveCfg = Release|Any CPU
		{ECE29090-8DF4-FD57-3911-A24DC5F7A3B7}.Release|Any CPU.Build.0 = Release|Any CPU
		{4A66CC6F-FA35-EAFD-388A-AB26C0365B18}.Debug|Any CPU.ActiveCfg = Debug|Any CPU
		{4A66CC6F-FA35-EAFD-388A-AB26C0365B18}.Debug|Any CPU.Build.0 = Debug|Any CPU
		{4A66CC6F-FA35-EAFD-388A-AB26C0365B18}.Release|Any CPU.ActiveCfg = Release|Any CPU
		{4A66CC6F-FA35-EAFD-388A-AB26C0365B18}.Release|Any CPU.Build.0 = Release|Any CPU
		{8559F1D5-F692-DF05-1279-79FC50614F6A}.Debug|Any CPU.ActiveCfg = Debug|Any CPU
		{8559F1D5-F692-DF05-1279-79FC50614F6A}.Debug|Any CPU.Build.0 = Debug|Any CPU
		{8559F1D5-F692-DF05-1279-79FC50614F6A}.Release|Any CPU.ActiveCfg = Release|Any CPU
		{8559F1D5-F692-DF05-1279-79FC50614F6A}.Release|Any CPU.Build.0 = Release|Any CPU
	EndGlobalSection
	GlobalSection(SolutionProperties) = preSolution
		HideSolutionNode = FALSE
	EndGlobalSection
EndGlobal
